
Microsoft Visual Studio Solution File, Format Version 12.00
# Visual Studio Version 17
VisualStudioVersion = 17.14.36121.58
MinimumVisualStudioVersion = 10.0.40219.1
Project("{FAE04EC0-301F-11D3-BF4B-00C04F79EFBC}") = "YMYP67-FirstAPI.Entities", "YMYP67-FirstAPI.Entities\YMYP67-FirstAPI.Entities.csproj", "{0EFCFB9D-1861-400F-A084-0E6C97C30A3A}"
EndProject
Project("{FAE04EC0-301F-11D3-BF4B-00C04F79EFBC}") = "YMYP67-FirstAPI.DataAccess", "YMYP67-FirstAPI.DataAccess\YMYP67-FirstAPI.DataAccess.csproj", "{ADCEE80E-871C-4A28-9DC3-D51E7811CCFC}"
EndProject
Project("{FAE04EC0-301F-11D3-BF4B-00C04F79EFBC}") = "YMYP67-FirstAPI.Business", "YMYP67-FirstAPI.Business\YMYP67-FirstAPI.Business.csproj", "{F18C2399-227C-4576-868E-13B3B2C9246F}"
EndProject
Project("{FAE04EC0-301F-11D3-BF4B-00C04F79EFBC}") = "YMYP67-FirstAPI.WebApi", "YMYP67-FirstAPI.WebApi\YMYP67-FirstAPI.WebApi.csproj", "{C240E966-0DEB-4E8F-BAF6-AFC556622CF6}"
EndProject
Global
	GlobalSection(SolutionConfigurationPlatforms) = preSolution
		Debug|Any CPU = Debug|Any CPU
		Release|Any CPU = Release|Any CPU
	EndGlobalSection
	GlobalSection(ProjectConfigurationPlatforms) = postSolution
		{0EFCFB9D-1861-400F-A084-0E6C97C30A3A}.Debug|Any CPU.ActiveCfg = Debug|Any CPU
		{0EFCFB9D-1861-400F-A084-0E6C97C30A3A}.Debug|Any CPU.Build.0 = Debug|Any CPU
		{0EFCFB9D-1861-400F-A084-0E6C97C30A3A}.Release|Any CPU.ActiveCfg = Release|Any CPU
		{0EFCFB9D-1861-400F-A084-0E6C97C30A3A}.Release|Any CPU.Build.0 = Release|Any CPU
		{ADCEE80E-871C-4A28-9DC3-D51E7811CCFC}.Debug|Any CPU.ActiveCfg = Debug|Any CPU
		{ADCEE80E-871C-4A28-9DC3-D51E7811CCFC}.Debug|Any CPU.Build.0 = Debug|Any CPU
		{ADCEE80E-871C-4A28-9DC3-D51E7811CCFC}.Release|Any CPU.ActiveCfg = Release|Any CPU
		{ADCEE80E-871C-4A28-9DC3-D51E7811CCFC}.Release|Any CPU.Build.0 = Release|Any CPU
		{F18C2399-227C-4576-868E-13B3B2C9246F}.Debug|Any CPU.ActiveCfg = Debug|Any CPU
		{F18C2399-227C-4576-868E-13B3B2C9246F}.Debug|Any CPU.Build.0 = Debug|Any CPU
		{F18C2399-227C-4576-868E-13B3B2C9246F}.Release|Any CPU.ActiveCfg = Release|Any CPU
		{F18C2399-227C-4576-868E-13B3B2C9246F}.Release|Any CPU.Build.0 = Release|Any CPU
		{C240E966-0DEB-4E8F-BAF6-AFC556622CF6}.Debug|Any CPU.ActiveCfg = Debug|Any CPU
		{C240E966-0DEB-4E8F-BAF6-AFC556622CF6}.Debug|Any CPU.Build.0 = Debug|Any CPU
		{C240E966-0DEB-4E8F-BAF6-AFC556622CF6}.Release|Any CPU.ActiveCfg = Release|Any CPU
		{C240E966-0DEB-4E8F-BAF6-AFC556622CF6}.Release|Any CPU.Build.0 = Release|Any CPU
	EndGlobalSection
	GlobalSection(SolutionProperties) = preSolution
		HideSolutionNode = FALSE
	EndGlobalSection
	GlobalSection(ExtensibilityGlobals) = postSolution
		SolutionGuid = {4033CDBB-D4BE-4D9F-9314-C1247C5176E3}
	EndGlobalSection
EndGlobal
